// !$*UTF8*$!
{
	archiveVersion = 1;
	classes = {
	};
	objectVersion = 56;
	objects = {

/* Begin PBXBuildFile section */
		0A94198A2AB956B200F206E5 /* littlelemonApp.swift in Sources */ = {isa = PBXBuildFile; fileRef = 0A9419892AB956B200F206E5 /* littlelemonApp.swift */; };
		0A94198E2AB956B300F206E5 /* Assets.xcassets in Resources */ = {isa = PBXBuildFile; fileRef = 0A94198D2AB956B300F206E5 /* Assets.xcassets */; };
		0A9419912AB956B300F206E5 /* Preview Assets.xcassets in Resources */ = {isa = PBXBuildFile; fileRef = 0A9419902AB956B300F206E5 /* Preview Assets.xcassets */; };
		0A94199B2AB956B300F206E5 /* littlelemonTests.swift in Sources */ = {isa = PBXBuildFile; fileRef = 0A94199A2AB956B300F206E5 /* littlelemonTests.swift */; };
		0A9419A52AB956B300F206E5 /* littlelemonUITests.swift in Sources */ = {isa = PBXBuildFile; fileRef = 0A9419A42AB956B300F206E5 /* littlelemonUITests.swift */; };
		0A9419A72AB956B300F206E5 /* littlelemonUITestsLaunchTests.swift in Sources */ = {isa = PBXBuildFile; fileRef = 0A9419A62AB956B300F206E5 /* littlelemonUITestsLaunchTests.swift */; };
		0A9419B62ABA732E00F206E5 /* Onboarding.swift in Sources */ = {isa = PBXBuildFile; fileRef = 0A9419B52ABA732E00F206E5 /* Onboarding.swift */; };
		0A9419B82ABA7DC900F206E5 /* Home.swift in Sources */ = {isa = PBXBuildFile; fileRef = 0A9419B72ABA7DC900F206E5 /* Home.swift */; };
		0A9419BA2ABA7DE300F206E5 /* Menu.swift in Sources */ = {isa = PBXBuildFile; fileRef = 0A9419B92ABA7DE300F206E5 /* Menu.swift */; };
		0A9419BC2ABA84C000F206E5 /* UserProfile.swift in Sources */ = {isa = PBXBuildFile; fileRef = 0A9419BB2ABA84C000F206E5 /* UserProfile.swift */; };
		0AAF98332ABA8FA40094DBE7 /* FetchedObjects.swift in Sources */ = {isa = PBXBuildFile; fileRef = 0AAF98322ABA8FA40094DBE7 /* FetchedObjects.swift */; };
		0AAF98352ABA8FB20094DBE7 /* Persistence.swift in Sources */ = {isa = PBXBuildFile; fileRef = 0AAF98342ABA8FB20094DBE7 /* Persistence.swift */; };
		0AAF98372ABA8FE30094DBE7 /* MenuList.swift in Sources */ = {isa = PBXBuildFile; fileRef = 0AAF98362ABA8FE30094DBE7 /* MenuList.swift */; };
		0AAF98392ABA8FED0094DBE7 /* MenuItem.swift in Sources */ = {isa = PBXBuildFile; fileRef = 0AAF98382ABA8FED0094DBE7 /* MenuItem.swift */; };
		0AAF983C2ABA95660094DBE7 /* ExampleDatabase.xcdatamodeld in Sources */ = {isa = PBXBuildFile; fileRef = 0AAF983A2ABA95660094DBE7 /* ExampleDatabase.xcdatamodeld */; };
		0AAF983F2ABAB3460094DBE7 /* Dish+CoreDataClass.swift in Sources */ = {isa = PBXBuildFile; fileRef = 0AAF983D2ABAB3460094DBE7 /* Dish+CoreDataClass.swift */; };
		0AAF98402ABAB3460094DBE7 /* Dish+CoreDataProperties.swift in Sources */ = {isa = PBXBuildFile; fileRef = 0AAF983E2ABAB3460094DBE7 /* Dish+CoreDataProperties.swift */; };
		0AAF98442ABB8F550094DBE7 /* MarkaziText-Medium.ttf in Resources */ = {isa = PBXBuildFile; fileRef = 0AAF98432ABB8F550094DBE7 /* MarkaziText-Medium.ttf */; };
		0AAF98472ABB930B0094DBE7 /* Karla-Regular.ttf in Resources */ = {isa = PBXBuildFile; fileRef = 0AAF98462ABB930B0094DBE7 /* Karla-Regular.ttf */; };
/* End PBXBuildFile section */

/* Begin PBXContainerItemProxy section */
		0A9419972AB956B300F206E5 /* PBXContainerItemProxy */ = {
			isa = PBXContainerItemProxy;
			containerPortal = 0A94197E2AB956B200F206E5 /* Project object */;
			proxyType = 1;
			remoteGlobalIDString = 0A9419852AB956B200F206E5;
			remoteInfo = littlelemon;
		};
		0A9419A12AB956B300F206E5 /* PBXContainerItemProxy */ = {
			isa = PBXContainerItemProxy;
			containerPortal = 0A94197E2AB956B200F206E5 /* Project object */;
			proxyType = 1;
			remoteGlobalIDString = 0A9419852AB956B200F206E5;
			remoteInfo = littlelemon;
		};
/* End PBXContainerItemProxy section */

/* Begin PBXFileReference section */
		0A9419862AB956B200F206E5 /* littlelemon.app */ = {isa = PBXFileReference; explicitFileType = wrapper.application; includeInIndex = 0; path = littlelemon.app; sourceTree = BUILT_PRODUCTS_DIR; };
		0A9419892AB956B200F206E5 /* littlelemonApp.swift */ = {isa = PBXFileReference; lastKnownFileType = sourcecode.swift; name = littlelemonApp.swift; path = littlelemon/littlelemonApp.swift; sourceTree = SOURCE_ROOT; };
		0A94198D2AB956B300F206E5 /* Assets.xcassets */ = {isa = PBXFileReference; lastKnownFileType = folder.assetcatalog; path = Assets.xcassets; sourceTree = "<group>"; };
		0A9419902AB956B300F206E5 /* Preview Assets.xcassets */ = {isa = PBXFileReference; lastKnownFileType = folder.assetcatalog; path = "Preview Assets.xcassets"; sourceTree = "<group>"; };
		0A9419962AB956B300F206E5 /* littlelemonTests.xctest */ = {isa = PBXFileReference; explicitFileType = wrapper.cfbundle; includeInIndex = 0; path = littlelemonTests.xctest; sourceTree = BUILT_PRODUCTS_DIR; };
		0A94199A2AB956B300F206E5 /* littlelemonTests.swift */ = {isa = PBXFileReference; lastKnownFileType = sourcecode.swift; path = littlelemonTests.swift; sourceTree = "<group>"; };
		0A9419A02AB956B300F206E5 /* littlelemonUITests.xctest */ = {isa = PBXFileReference; explicitFileType = wrapper.cfbundle; includeInIndex = 0; path = littlelemonUITests.xctest; sourceTree = BUILT_PRODUCTS_DIR; };
		0A9419A42AB956B300F206E5 /* littlelemonUITests.swift */ = {isa = PBXFileReference; lastKnownFileType = sourcecode.swift; path = littlelemonUITests.swift; sourceTree = "<group>"; };
		0A9419A62AB956B300F206E5 /* littlelemonUITestsLaunchTests.swift */ = {isa = PBXFileReference; lastKnownFileType = sourcecode.swift; path = littlelemonUITestsLaunchTests.swift; sourceTree = "<group>"; };
		0A9419B52ABA732E00F206E5 /* Onboarding.swift */ = {isa = PBXFileReference; lastKnownFileType = sourcecode.swift; name = Onboarding.swift; path = littlelemon/Onboarding.swift; sourceTree = SOURCE_ROOT; };
		0A9419B72ABA7DC900F206E5 /* Home.swift */ = {isa = PBXFileReference; lastKnownFileType = sourcecode.swift; name = Home.swift; path = littlelemon/Home.swift; sourceTree = SOURCE_ROOT; };
		0A9419B92ABA7DE300F206E5 /* Menu.swift */ = {isa = PBXFileReference; lastKnownFileType = sourcecode.swift; name = Menu.swift; path = littlelemon/Menu.swift; sourceTree = SOURCE_ROOT; };
		0A9419BB2ABA84C000F206E5 /* UserProfile.swift */ = {isa = PBXFileReference; lastKnownFileType = sourcecode.swift; name = UserProfile.swift; path = littlelemon/UserProfile.swift; sourceTree = SOURCE_ROOT; };
		0AAF98322ABA8FA40094DBE7 /* FetchedObjects.swift */ = {isa = PBXFileReference; fileEncoding = 4; lastKnownFileType = sourcecode.swift; name = FetchedObjects.swift; path = ../../../../../Downloads/KrOCQU2CTpmu1REIfryAvg_ae0cd909bf5e4e7db7525f835ddd50e1_CoreDataSupport/FetchedObjects.swift; sourceTree = "<group>"; };
		0AAF98342ABA8FB20094DBE7 /* Persistence.swift */ = {isa = PBXFileReference; fileEncoding = 4; lastKnownFileType = sourcecode.swift; name = Persistence.swift; path = ../../../../../Downloads/KrOCQU2CTpmu1REIfryAvg_ae0cd909bf5e4e7db7525f835ddd50e1_CoreDataSupport/Persistence.swift; sourceTree = "<group>"; };
		0AAF98362ABA8FE30094DBE7 /* MenuList.swift */ = {isa = PBXFileReference; lastKnownFileType = sourcecode.swift; path = MenuList.swift; sourceTree = "<group>"; };
		0AAF98382ABA8FED0094DBE7 /* MenuItem.swift */ = {isa = PBXFileReference; lastKnownFileType = sourcecode.swift; path = MenuItem.swift; sourceTree = "<group>"; };
		0AAF983B2ABA95660094DBE7 /* ExampleDatabase.xcdatamodel */ = {isa = PBXFileReference; lastKnownFileType = wrapper.xcdatamodel; path = ExampleDatabase.xcdatamodel; sourceTree = "<group>"; };
		0AAF983D2ABAB3460094DBE7 /* Dish+CoreDataClass.swift */ = {isa = PBXFileReference; lastKnownFileType = sourcecode.swift; path = "Dish+CoreDataClass.swift"; sourceTree = "<group>"; };
		0AAF983E2ABAB3460094DBE7 /* Dish+CoreDataProperties.swift */ = {isa = PBXFileReference; lastKnownFileType = sourcecode.swift; path = "Dish+CoreDataProperties.swift"; sourceTree = "<group>"; };
		0AAF98432ABB8F550094DBE7 /* MarkaziText-Medium.ttf */ = {isa = PBXFileReference; lastKnownFileType = file; path = "MarkaziText-Medium.ttf"; sourceTree = "<group>"; };
		0AAF98452ABB900C0094DBE7 /* Info.plist */ = {isa = PBXFileReference; lastKnownFileType = text.plist; name = Info.plist; path = littlelemon/Info.plist; sourceTree = "<group>"; };
		0AAF98462ABB930B0094DBE7 /* Karla-Regular.ttf */ = {isa = PBXFileReference; lastKnownFileType = file; path = "Karla-Regular.ttf"; sourceTree = "<group>"; };
/* End PBXFileReference section */

/* Begin PBXFrameworksBuildPhase section */
		0A9419832AB956B200F206E5 /* Frameworks */ = {
			isa = PBXFrameworksBuildPhase;
			buildActionMask = 2147483647;
			files = (
			);
			runOnlyForDeploymentPostprocessing = 0;
		};
		0A9419932AB956B300F206E5 /* Frameworks */ = {
			isa = PBXFrameworksBuildPhase;
			buildActionMask = 2147483647;
			files = (
			);
			runOnlyForDeploymentPostprocessing = 0;
		};
		0A94199D2AB956B300F206E5 /* Frameworks */ = {
			isa = PBXFrameworksBuildPhase;
			buildActionMask = 2147483647;
			files = (
			);
			runOnlyForDeploymentPostprocessing = 0;
		};
/* End PBXFrameworksBuildPhase section */

/* Begin PBXGroup section */
		0A94197D2AB956B200F206E5 = {
			isa = PBXGroup;
			children = (
				0AAF98452ABB900C0094DBE7 /* Info.plist */,
				0AAF983D2ABAB3460094DBE7 /* Dish+CoreDataClass.swift */,
				0AAF983E2ABAB3460094DBE7 /* Dish+CoreDataProperties.swift */,
				0A9419BF2ABA859100F206E5 /* Directory */,
				0A9419992AB956B300F206E5 /* littlelemonTests */,
				0A9419A32AB956B300F206E5 /* littlelemonUITests */,
				0A9419872AB956B200F206E5 /* Products */,
			);
			sourceTree = "<group>";
		};
		0A9419872AB956B200F206E5 /* Products */ = {
			isa = PBXGroup;
			children = (
				0A9419862AB956B200F206E5 /* littlelemon.app */,
				0A9419962AB956B300F206E5 /* littlelemonTests.xctest */,
				0A9419A02AB956B300F206E5 /* littlelemonUITests.xctest */,
			);
			name = Products;
			sourceTree = "<group>";
		};
		0A9419882AB956B200F206E5 /* littlelemon */ = {
			isa = PBXGroup;
			children = (
				0AAF98342ABA8FB20094DBE7 /* Persistence.swift */,
				0AAF98322ABA8FA40094DBE7 /* FetchedObjects.swift */,
				0A9419892AB956B200F206E5 /* littlelemonApp.swift */,
				0A9419B52ABA732E00F206E5 /* Onboarding.swift */,
				0AAF98362ABA8FE30094DBE7 /* MenuList.swift */,
				0AAF98382ABA8FED0094DBE7 /* MenuItem.swift */,
				0A9419BB2ABA84C000F206E5 /* UserProfile.swift */,
				0A9419B72ABA7DC900F206E5 /* Home.swift */,
				0AAF98432ABB8F550094DBE7 /* MarkaziText-Medium.ttf */,
				0AAF98462ABB930B0094DBE7 /* Karla-Regular.ttf */,
				0A9419B92ABA7DE300F206E5 /* Menu.swift */,
				0AAF983A2ABA95660094DBE7 /* ExampleDatabase.xcdatamodeld */,
				0A94198D2AB956B300F206E5 /* Assets.xcassets */,
				0A94198F2AB956B300F206E5 /* Preview Content */,
			);
			name = littlelemon;
			path = ../littlelemon;
			sourceTree = "<group>";
		};
		0A94198F2AB956B300F206E5 /* Preview Content */ = {
			isa = PBXGroup;
			children = (
				0A9419902AB956B300F206E5 /* Preview Assets.xcassets */,
			);
			path = "Preview Content";
			sourceTree = "<group>";
		};
		0A9419992AB956B300F206E5 /* littlelemonTests */ = {
			isa = PBXGroup;
			children = (
				0A94199A2AB956B300F206E5 /* littlelemonTests.swift */,
			);
			path = littlelemonTests;
			sourceTree = "<group>";
		};
		0A9419A32AB956B300F206E5 /* littlelemonUITests */ = {
			isa = PBXGroup;
			children = (
				0A9419A42AB956B300F206E5 /* littlelemonUITests.swift */,
				0A9419A62AB956B300F206E5 /* littlelemonUITestsLaunchTests.swift */,
			);
			path = littlelemonUITests;
			sourceTree = "<group>";
		};
		0A9419BF2ABA859100F206E5 /* Directory */ = {
			isa = PBXGroup;
			children = (
				0A9419882AB956B200F206E5 /* littlelemon */,
			);
			path = Directory;
			sourceTree = "<group>";
		};
/* End PBXGroup section */

/* Begin PBXNativeTarget section */
		0A9419852AB956B200F206E5 /* littlelemon */ = {
			isa = PBXNativeTarget;
			buildConfigurationList = 0A9419AA2AB956B300F206E5 /* Build configuration list for PBXNativeTarget "littlelemon" */;
			buildPhases = (
				0A9419822AB956B200F206E5 /* Sources */,
				0A9419832AB956B200F206E5 /* Frameworks */,
				0A9419842AB956B200F206E5 /* Resources */,
			);
			buildRules = (
			);
			dependencies = (
			);
			name = littlelemon;
			productName = littlelemon;
			productReference = 0A9419862AB956B200F206E5 /* littlelemon.app */;
			productType = "com.apple.product-type.application";
		};
		0A9419952AB956B300F206E5 /* littlelemonTests */ = {
			isa = PBXNativeTarget;
			buildConfigurationList = 0A9419AD2AB956B300F206E5 /* Build configuration list for PBXNativeTarget "littlelemonTests" */;
			buildPhases = (
				0A9419922AB956B300F206E5 /* Sources */,
				0A9419932AB956B300F206E5 /* Frameworks */,
				0A9419942AB956B300F206E5 /* Resources */,
			);
			buildRules = (
			);
			dependencies = (
				0A9419982AB956B300F206E5 /* PBXTargetDependency */,
			);
			name = littlelemonTests;
			productName = littlelemonTests;
			productReference = 0A9419962AB956B300F206E5 /* littlelemonTests.xctest */;
			productType = "com.apple.product-type.bundle.unit-test";
		};
		0A94199F2AB956B300F206E5 /* littlelemonUITests */ = {
			isa = PBXNativeTarget;
			buildConfigurationList = 0A9419B02AB956B300F206E5 /* Build configuration list for PBXNativeTarget "littlelemonUITests" */;
			buildPhases = (
				0A94199C2AB956B300F206E5 /* Sources */,
				0A94199D2AB956B300F206E5 /* Frameworks */,
				0A94199E2AB956B300F206E5 /* Resources */,
			);
			buildRules = (
			);
			dependencies = (
				0A9419A22AB956B300F206E5 /* PBXTargetDependency */,
			);
			name = littlelemonUITests;
			productName = littlelemonUITests;
			productReference = 0A9419A02AB956B300F206E5 /* littlelemonUITests.xctest */;
			productType = "com.apple.product-type.bundle.ui-testing";
		};
/* End PBXNativeTarget section */

/* Begin PBXProject section */
		0A94197E2AB956B200F206E5 /* Project object */ = {
			isa = PBXProject;
			attributes = {
				BuildIndependentTargetsInParallel = 1;
				LastSwiftUpdateCheck = 1500;
				LastUpgradeCheck = 1500;
				TargetAttributes = {
					0A9419852AB956B200F206E5 = {
						CreatedOnToolsVersion = 15.0;
					};
					0A9419952AB956B300F206E5 = {
						CreatedOnToolsVersion = 15.0;
						TestTargetID = 0A9419852AB956B200F206E5;
					};
					0A94199F2AB956B300F206E5 = {
						CreatedOnToolsVersion = 15.0;
						TestTargetID = 0A9419852AB956B200F206E5;
					};
				};
			};
			buildConfigurationList = 0A9419812AB956B200F206E5 /* Build configuration list for PBXProject "littlelemon" */;
			compatibilityVersion = "Xcode 14.0";
			developmentRegion = en;
			hasScannedForEncodings = 0;
			knownRegions = (
				en,
				Base,
			);
			mainGroup = 0A94197D2AB956B200F206E5;
			productRefGroup = 0A9419872AB956B200F206E5 /* Products */;
			projectDirPath = "";
			projectRoot = "";
			targets = (
				0A9419852AB956B200F206E5 /* littlelemon */,
				0A9419952AB956B300F206E5 /* littlelemonTests */,
				0A94199F2AB956B300F206E5 /* littlelemonUITests */,
			);
		};
/* End PBXProject section */

/* Begin PBXResourcesBuildPhase section */
		0A9419842AB956B200F206E5 /* Resources */ = {
			isa = PBXResourcesBuildPhase;
			buildActionMask = 2147483647;
			files = (
				0AAF98442ABB8F550094DBE7 /* MarkaziText-Medium.ttf in Resources */,
				0A9419912AB956B300F206E5 /* Preview Assets.xcassets in Resources */,
				0A94198E2AB956B300F206E5 /* Assets.xcassets in Resources */,
				0AAF98472ABB930B0094DBE7 /* Karla-Regular.ttf in Resources */,
			);
			runOnlyForDeploymentPostprocessing = 0;
		};
		0A9419942AB956B300F206E5 /* Resources */ = {
			isa = PBXResourcesBuildPhase;
			buildActionMask = 2147483647;
			files = (
			);
			runOnlyForDeploymentPostprocessing = 0;
		};
		0A94199E2AB956B300F206E5 /* Resources */ = {
			isa = PBXResourcesBuildPhase;
			buildActionMask = 2147483647;
			files = (
			);
			runOnlyForDeploymentPostprocessing = 0;
		};
/* End PBXResourcesBuildPhase section */

/* Begin PBXSourcesBuildPhase section */
		0A9419822AB956B200F206E5 /* Sources */ = {
			isa = PBXSourcesBuildPhase;
			buildActionMask = 2147483647;
			files = (
				0A94198A2AB956B200F206E5 /* littlelemonApp.swift in Sources */,
				0A9419B82ABA7DC900F206E5 /* Home.swift in Sources */,
				0AAF98372ABA8FE30094DBE7 /* MenuList.swift in Sources */,
				0AAF98332ABA8FA40094DBE7 /* FetchedObjects.swift in Sources */,
				0AAF98352ABA8FB20094DBE7 /* Persistence.swift in Sources */,
				0AAF983C2ABA95660094DBE7 /* ExampleDatabase.xcdatamodeld in Sources */,
				0AAF983F2ABAB3460094DBE7 /* Dish+CoreDataClass.swift in Sources */,
				0A9419BC2ABA84C000F206E5 /* UserProfile.swift in Sources */,
				0AAF98392ABA8FED0094DBE7 /* MenuItem.swift in Sources */,
				0A9419BA2ABA7DE300F206E5 /* Menu.swift in Sources */,
				0A9419B62ABA732E00F206E5 /* Onboarding.swift in Sources */,
				0AAF98402ABAB3460094DBE7 /* Dish+CoreDataProperties.swift in Sources */,
			);
			runOnlyForDeploymentPostprocessing = 0;
		};
		0A9419922AB956B300F206E5 /* Sources */ = {
			isa = PBXSourcesBuildPhase;
			buildActionMask = 2147483647;
			files = (
				0A94199B2AB956B300F206E5 /* littlelemonTests.swift in Sources */,
			);
			runOnlyForDeploymentPostprocessing = 0;
		};
		0A94199C2AB956B300F206E5 /* Sources */ = {
			isa = PBXSourcesBuildPhase;
			buildActionMask = 2147483647;
			files = (
				0A9419A72AB956B300F206E5 /* littlelemonUITestsLaunchTests.swift in Sources */,
				0A9419A52AB956B300F206E5 /* littlelemonUITests.swift in Sources */,
			);
			runOnlyForDeploymentPostprocessing = 0;
		};
/* End PBXSourcesBuildPhase section */

/* Begin PBXTargetDependency section */
		0A9419982AB956B300F206E5 /* PBXTargetDependency */ = {
			isa = PBXTargetDependency;
			target = 0A9419852AB956B200F206E5 /* littlelemon */;
			targetProxy = 0A9419972AB956B300F206E5 /* PBXContainerItemProxy */;
		};
		0A9419A22AB956B300F206E5 /* PBXTargetDependency */ = {
			isa = PBXTargetDependency;
			target = 0A9419852AB956B200F206E5 /* littlelemon */;
			targetProxy = 0A9419A12AB956B300F206E5 /* PBXContainerItemProxy */;
		};
/* End PBXTargetDependency section */

/* Begin XCBuildConfiguration section */
		0A9419A82AB956B300F206E5 /* Debug */ = {
			isa = XCBuildConfiguration;
			buildSettings = {
				ALWAYS_SEARCH_USER_PATHS = NO;
				ASSETCATALOG_COMPILER_GENERATE_SWIFT_ASSET_SYMBOL_EXTENSIONS = YES;
				CLANG_ANALYZER_NONNULL = YES;
				CLANG_ANALYZER_NUMBER_OBJECT_CONVERSION = YES_AGGRESSIVE;
				CLANG_CXX_LANGUAGE_STANDARD = "gnu++20";
				CLANG_ENABLE_MODULES = YES;
				CLANG_ENABLE_OBJC_ARC = YES;
				CLANG_ENABLE_OBJC_WEAK = YES;
				CLANG_WARN_BLOCK_CAPTURE_AUTORELEASING = YES;
				CLANG_WARN_BOOL_CONVERSION = YES;
				CLANG_WARN_COMMA = YES;
				CLANG_WARN_CONSTANT_CONVERSION = YES;
				CLANG_WARN_DEPRECATED_OBJC_IMPLEMENTATIONS = YES;
				CLANG_WARN_DIRECT_OBJC_ISA_USAGE = YES_ERROR;
				CLANG_WARN_DOCUMENTATION_COMMENTS = YES;
				CLANG_WARN_EMPTY_BODY = YES;
				CLANG_WARN_ENUM_CONVERSION = YES;
				CLANG_WARN_INFINITE_RECURSION = YES;
				CLANG_WARN_INT_CONVERSION = YES;
				CLANG_WARN_NON_LITERAL_NULL_CONVERSION = YES;
				CLANG_WARN_OBJC_IMPLICIT_RETAIN_SELF = YES;
				CLANG_WARN_OBJC_LITERAL_CONVERSION = YES;
				CLANG_WARN_OBJC_ROOT_CLASS = YES_ERROR;
				CLANG_WARN_QUOTED_INCLUDE_IN_FRAMEWORK_HEADER = YES;
				CLANG_WARN_RANGE_LOOP_ANALYSIS = YES;
				CLANG_WARN_STRICT_PROTOTYPES = YES;
				CLANG_WARN_SUSPICIOUS_MOVE = YES;
				CLANG_WARN_UNGUARDED_AVAILABILITY = YES_AGGRESSIVE;
				CLANG_WARN_UNREACHABLE_CODE = YES;
				CLANG_WARN__DUPLICATE_METHOD_MATCH = YES;
				COPY_PHASE_STRIP = NO;
				DEBUG_INFORMATION_FORMAT = dwarf;
				ENABLE_STRICT_OBJC_MSGSEND = YES;
				ENABLE_TESTABILITY = YES;
				ENABLE_USER_SCRIPT_SANDBOXING = YES;
				GCC_C_LANGUAGE_STANDARD = gnu17;
				GCC_DYNAMIC_NO_PIC = NO;
				GCC_NO_COMMON_BLOCKS = YES;
				GCC_OPTIMIZATION_LEVEL = 0;
				GCC_PREPROCESSOR_DEFINITIONS = (
					"DEBUG=1",
					"$(inherited)",
				);
				GCC_WARN_64_TO_32_BIT_CONVERSION = YES;
				GCC_WARN_ABOUT_RETURN_TYPE = YES_ERROR;
				GCC_WARN_UNDECLARED_SELECTOR = YES;
				GCC_WARN_UNINITIALIZED_AUTOS = YES_AGGRESSIVE;
				GCC_WARN_UNUSED_FUNCTION = YES;
				GCC_WARN_UNUSED_VARIABLE = YES;
				IPHONEOS_DEPLOYMENT_TARGET = 17.0;
				LOCALIZATION_PREFERS_STRING_CATALOGS = YES;
				MTL_ENABLE_DEBUG_INFO = INCLUDE_SOURCE;
				MTL_FAST_MATH = YES;
				ONLY_ACTIVE_ARCH = YES;
				SDKROOT = iphoneos;
				SWIFT_ACTIVE_COMPILATION_CONDITIONS = "DEBUG $(inherited)";
				SWIFT_OPTIMIZATION_LEVEL = "-Onone";
			};
			name = Debug;
		};
		0A9419A92AB956B300F206E5 /* Release */ = {
			isa = XCBuildConfiguration;
			buildSettings = {
				ALWAYS_SEARCH_USER_PATHS = NO;
				ASSETCATALOG_COMPILER_GENERATE_SWIFT_ASSET_SYMBOL_EXTENSIONS = YES;
				CLANG_ANALYZER_NONNULL = YES;
				CLANG_ANALYZER_NUMBER_OBJECT_CONVERSION = YES_AGGRESSIVE;
				CLANG_CXX_LANGUAGE_STANDARD = "gnu++20";
				CLANG_ENABLE_MODULES = YES;
				CLANG_ENABLE_OBJC_ARC = YES;
				CLANG_ENABLE_OBJC_WEAK = YES;
				CLANG_WARN_BLOCK_CAPTURE_AUTORELEASING = YES;
				CLANG_WARN_BOOL_CONVERSION = YES;
				CLANG_WARN_COMMA = YES;
				CLANG_WARN_CONSTANT_CONVERSION = YES;
				CLANG_WARN_DEPRECATED_OBJC_IMPLEMENTATIONS = YES;
				CLANG_WARN_DIRECT_OBJC_ISA_USAGE = YES_ERROR;
				CLANG_WARN_DOCUMENTATION_COMMENTS = YES;
				CLANG_WARN_EMPTY_BODY = YES;
				CLANG_WARN_ENUM_CONVERSION = YES;
				CLANG_WARN_INFINITE_RECURSION = YES;
				CLANG_WARN_INT_CONVERSION = YES;
				CLANG_WARN_NON_LITERAL_NULL_CONVERSION = YES;
				CLANG_WARN_OBJC_IMPLICIT_RETAIN_SELF = YES;
				CLANG_WARN_OBJC_LITERAL_CONVERSION = YES;
				CLANG_WARN_OBJC_ROOT_CLASS = YES_ERROR;
				CLANG_WARN_QUOTED_INCLUDE_IN_FRAMEWORK_HEADER = YES;
				CLANG_WARN_RANGE_LOOP_ANALYSIS = YES;
				CLANG_WARN_STRICT_PROTOTYPES = YES;
				CLANG_WARN_SUSPICIOUS_MOVE = YES;
				CLANG_WARN_UNGUARDED_AVAILABILITY = YES_AGGRESSIVE;
				CLANG_WARN_UNREACHABLE_CODE = YES;
				CLANG_WARN__DUPLICATE_METHOD_MATCH = YES;
				COPY_PHASE_STRIP = NO;
				DEBUG_INFORMATION_FORMAT = "dwarf-with-dsym";
				ENABLE_NS_ASSERTIONS = NO;
				ENABLE_STRICT_OBJC_MSGSEND = YES;
				ENABLE_USER_SCRIPT_SANDBOXING = YES;
				GCC_C_LANGUAGE_STANDARD = gnu17;
				GCC_NO_COMMON_BLOCKS = YES;
				GCC_WARN_64_TO_32_BIT_CONVERSION = YES;
				GCC_WARN_ABOUT_RETURN_TYPE = YES_ERROR;
				GCC_WARN_UNDECLARED_SELECTOR = YES;
				GCC_WARN_UNINITIALIZED_AUTOS = YES_AGGRESSIVE;
				GCC_WARN_UNUSED_FUNCTION = YES;
				GCC_WARN_UNUSED_VARIABLE = YES;
				IPHONEOS_DEPLOYMENT_TARGET = 17.0;
				LOCALIZATION_PREFERS_STRING_CATALOGS = YES;
				MTL_ENABLE_DEBUG_INFO = NO;
				MTL_FAST_MATH = YES;
				SDKROOT = iphoneos;
				SWIFT_COMPILATION_MODE = wholemodule;
				VALIDATE_PRODUCT = YES;
			};
			name = Release;
		};
		0A9419AB2AB956B300F206E5 /* Debug */ = {
			isa = XCBuildConfiguration;
			buildSettings = {
				ASSETCATALOG_COMPILER_APPICON_NAME = AppIcon;
				ASSETCATALOG_COMPILER_GLOBAL_ACCENT_COLOR_NAME = AccentColor;
				CODE_SIGN_STYLE = Automatic;
				CURRENT_PROJECT_VERSION = 1;
				DEVELOPMENT_ASSET_PATHS = "\"littlelemon/Preview Content\"";
				DEVELOPMENT_TEAM = F35NXZ6ZTB;
				ENABLE_PREVIEWS = YES;
				GENERATE_INFOPLIST_FILE = YES;
				INFOPLIST_FILE = littlelemon/Info.plist;
				INFOPLIST_KEY_UIApplicationSceneManifest_Generation = YES;
				INFOPLIST_KEY_UIApplicationSupportsIndirectInputEvents = YES;
				INFOPLIST_KEY_UILaunchScreen_Generation = YES;
				INFOPLIST_KEY_UISupportedInterfaceOrientations_iPad = "UIInterfaceOrientationPortrait UIInterfaceOrientationPortraitUpsideDown UIInterfaceOrientationLandscapeLeft UIInterfaceOrientationLandscapeRight";
				INFOPLIST_KEY_UISupportedInterfaceOrientations_iPhone = "UIInterfaceOrientationPortrait UIInterfaceOrientationLandscapeLeft UIInterfaceOrientationLandscapeRight";
				LD_RUNPATH_SEARCH_PATHS = (
					"$(inherited)",
					"@executable_path/Frameworks",
				);
				MARKETING_VERSION = 1.0;
				PRODUCT_BUNDLE_IDENTIFIER = "Little-Lemon.littlelemon";
				PRODUCT_NAME = "$(TARGET_NAME)";
				SWIFT_EMIT_LOC_STRINGS = YES;
				SWIFT_VERSION = 5.0;
				TARGETED_DEVICE_FAMILY = "1,2";
			};
			name = Debug;
		};
		0A9419AC2AB956B300F206E5 /* Release */ = {
			isa = XCBuildConfiguration;
			buildSettings = {
				ASSETCATALOG_COMPILER_APPICON_NAME = AppIcon;
				ASSETCATALOG_COMPILER_GLOBAL_ACCENT_COLOR_NAME = AccentColor;
				CODE_SIGN_STYLE = Automatic;
				CURRENT_PROJECT_VERSION = 1;
				DEVELOPMENT_ASSET_PATHS = "\"littlelemon/Preview Content\"";
				DEVELOPMENT_TEAM = F35NXZ6ZTB;
				ENABLE_PREVIEWS = YES;
				GENERATE_INFOPLIST_FILE = YES;
				INFOPLIST_FILE = littlelemon/Info.plist;
				INFOPLIST_KEY_UIApplicationSceneManifest_Generation = YES;
				INFOPLIST_KEY_UIApplicationSupportsIndirectInputEvents = YES;
				INFOPLIST_KEY_UILaunchScreen_Generation = YES;
				INFOPLIST_KEY_UISupportedInterfaceOrientations_iPad = "UIInterfaceOrientationPortrait UIInterfaceOrientationPortraitUpsideDown UIInterfaceOrientationLandscapeLeft UIInterfaceOrientationLandscapeRight";
				INFOPLIST_KEY_UISupportedInterfaceOrientations_iPhone = "UIInterfaceOrientationPortrait UIInterfaceOrientationLandscapeLeft UIInterfaceOrientationLandscapeRight";
				LD_RUNPATH_SEARCH_PATHS = (
					"$(inherited)",
					"@executable_path/Frameworks",
				);
				MARKETING_VERSION = 1.0;
				PRODUCT_BUNDLE_IDENTIFIER = "Little-Lemon.littlelemon";
				PRODUCT_NAME = "$(TARGET_NAME)";
				SWIFT_EMIT_LOC_STRINGS = YES;
				SWIFT_VERSION = 5.0;
				TARGETED_DEVICE_FAMILY = "1,2";
			};
			name = Release;
		};
		0A9419AE2AB956B300F206E5 /* Debug */ = {
			isa = XCBuildConfiguration;
			buildSettings = {
				ALWAYS_EMBED_SWIFT_STANDARD_LIBRARIES = YES;
				BUNDLE_LOADER = "$(TEST_HOST)";
				CODE_SIGN_STYLE = Automatic;
				CURRENT_PROJECT_VERSION = 1;
				DEVELOPMENT_TEAM = F35NXZ6ZTB;
				GENERATE_INFOPLIST_FILE = YES;
				IPHONEOS_DEPLOYMENT_TARGET = 17.0;
				MARKETING_VERSION = 1.0;
				PRODUCT_BUNDLE_IDENTIFIER = "Little-Lemon.littlelemonTests";
				PRODUCT_NAME = "$(TARGET_NAME)";
				SWIFT_EMIT_LOC_STRINGS = NO;
				SWIFT_VERSION = 5.0;
				TARGETED_DEVICE_FAMILY = "1,2";
				TEST_HOST = "$(BUILT_PRODUCTS_DIR)/littlelemon.app/$(BUNDLE_EXECUTABLE_FOLDER_PATH)/littlelemon";
			};
			name = Debug;
		};
		0A9419AF2AB956B300F206E5 /* Release */ = {
			isa = XCBuildConfiguration;
			buildSettings = {
				ALWAYS_EMBED_SWIFT_STANDARD_LIBRARIES = YES;
				BUNDLE_LOADER = "$(TEST_HOST)";
				CODE_SIGN_STYLE = Automatic;
				CURRENT_PROJECT_VERSION = 1;
				DEVELOPMENT_TEAM = F35NXZ6ZTB;
				GENERATE_INFOPLIST_FILE = YES;
				IPHONEOS_DEPLOYMENT_TARGET = 17.0;
				MARKETING_VERSION = 1.0;
				PRODUCT_BUNDLE_IDENTIFIER = "Little-Lemon.littlelemonTests";
				PRODUCT_NAME = "$(TARGET_NAME)";
				SWIFT_EMIT_LOC_STRINGS = NO;
				SWIFT_VERSION = 5.0;
				TARGETED_DEVICE_FAMILY = "1,2";
				TEST_HOST = "$(BUILT_PRODUCTS_DIR)/littlelemon.app/$(BUNDLE_EXECUTABLE_FOLDER_PATH)/littlelemon";
			};
			name = Release;
		};
		0A9419B12AB956B300F206E5 /* Debug */ = {
			isa = XCBuildConfiguration;
			buildSettings = {
				ALWAYS_EMBED_SWIFT_STANDARD_LIBRARIES = YES;
				CODE_SIGN_STYLE = Automatic;
				CURRENT_PROJECT_VERSION = 1;
				DEVELOPMENT_TEAM = F35NXZ6ZTB;
				GENERATE_INFOPLIST_FILE = YES;
				MARKETING_VERSION = 1.0;
				PRODUCT_BUNDLE_IDENTIFIER = "Little-Lemon.littlelemonUITests";
				PRODUCT_NAME = "$(TARGET_NAME)";
				SWIFT_EMIT_LOC_STRINGS = NO;
				SWIFT_VERSION = 5.0;
				TARGETED_DEVICE_FAMILY = "1,2";
				TEST_TARGET_NAME = littlelemon;
			};
			name = Debug;
		};
		0A9419B22AB956B300F206E5 /* Release */ = {
			isa = XCBuildConfiguration;
			buildSettings = {
				ALWAYS_EMBED_SWIFT_STANDARD_LIBRARIES = YES;
				CODE_SIGN_STYLE = Automatic;
				CURRENT_PROJECT_VERSION = 1;
				DEVELOPMENT_TEAM = F35NXZ6ZTB;
				GENERATE_INFOPLIST_FILE = YES;
				MARKETING_VERSION = 1.0;
				PRODUCT_BUNDLE_IDENTIFIER = "Little-Lemon.littlelemonUITests";
				PRODUCT_NAME = "$(TARGET_NAME)";
				SWIFT_EMIT_LOC_STRINGS = NO;
				SWIFT_VERSION = 5.0;
				TARGETED_DEVICE_FAMILY = "1,2";
				TEST_TARGET_NAME = littlelemon;
			};
			name = Release;
		};
/* End XCBuildConfiguration section */

/* Begin XCConfigurationList section */
		0A9419812AB956B200F206E5 /* Build configuration list for PBXProject "littlelemon" */ = {
			isa = XCConfigurationList;
			buildConfigurations = (
				0A9419A82AB956B300F206E5 /* Debug */,
				0A9419A92AB956B300F206E5 /* Release */,
			);
			defaultConfigurationIsVisible = 0;
			defaultConfigurationName = Release;
		};
		0A9419AA2AB956B300F206E5 /* Build configuration list for PBXNativeTarget "littlelemon" */ = {
			isa = XCConfigurationList;
			buildConfigurations = (
				0A9419AB2AB956B300F206E5 /* Debug */,
				0A9419AC2AB956B300F206E5 /* Release */,
			);
			defaultConfigurationIsVisible = 0;
			defaultConfigurationName = Release;
		};
		0A9419AD2AB956B300F206E5 /* Build configuration list for PBXNativeTarget "littlelemonTests" */ = {
			isa = XCConfigurationList;
			buildConfigurations = (
				0A9419AE2AB956B300F206E5 /* Debug */,
				0A9419AF2AB956B300F206E5 /* Release */,
			);
			defaultConfigurationIsVisible = 0;
			defaultConfigurationName = Release;
		};
		0A9419B02AB956B300F206E5 /* Build configuration list for PBXNativeTarget "littlelemonUITests" */ = {
			isa = XCConfigurationList;
			buildConfigurations = (
				0A9419B12AB956B300F206E5 /* Debug */,
				0A9419B22AB956B300F206E5 /* Release */,
			);
			defaultConfigurationIsVisible = 0;
			defaultConfigurationName = Release;
		};
/* End XCConfigurationList section */

/* Begin XCVersionGroup section */
		0AAF983A2ABA95660094DBE7 /* ExampleDatabase.xcdatamodeld */ = {
			isa = XCVersionGroup;
			children = (
				0AAF983B2ABA95660094DBE7 /* ExampleDatabase.xcdatamodel */,
			);
			currentVersion = 0AAF983B2ABA95660094DBE7 /* ExampleDatabase.xcdatamodel */;
			path = ExampleDatabase.xcdatamodeld;
			sourceTree = "<group>";
			versionGroupType = wrapper.xcdatamodel;
		};
/* End XCVersionGroup section */
	};
	rootObject = 0A94197E2AB956B200F206E5 /* Project object */;
}
